
Microsoft Visual Studio Solution File, Format Version 12.00
# Visual Studio Version 17
VisualStudioVersion = 17.4.33205.214
MinimumVisualStudioVersion = 10.0.40219.1
Project("{9A19103F-16F7-4668-BE54-9A1E7A4F7556}") = "TextPad+", "TextPad+\TextPad+.csproj", "{D24B6CB8-5B0B-4655-A329-A87F0D8780C2}"
EndProject
Project("{9A19103F-16F7-4668-BE54-9A1E7A4F7556}") = "CustomTabControl", "CustomTabControl\CustomTabControl.csproj", "{8DBA6BAD-4521-478F-AFF2-A35E9AD77268}"
EndProject
Project("{9A19103F-16F7-4668-BE54-9A1E7A4F7556}") = "LoggingSystem", "Logging System\LoggingSystem.csproj", "{39BF76B3-C0C6-48C1-9AB2-D7EA0BD647BC}"
EndProject
Project("{9A19103F-16F7-4668-BE54-9A1E7A4F7556}") = "ModifiedTextBox", "ModifiedTextBox\ModifiedTextBox.csproj", "{9E98B845-7022-4E9E-9388-69F8CC4CBB0F}"
EndProject
Global
	GlobalSection(SolutionConfigurationPlatforms) = preSolution
		Debug|Any CPU = Debug|Any CPU
		Release|Any CPU = Release|Any CPU
	EndGlobalSection
	GlobalSection(ProjectConfigurationPlatforms) = postSolution
		{D24B6CB8-5B0B-4655-A329-A87F0D8780C2}.Debug|Any CPU.ActiveCfg = Debug|Any CPU
		{D24B6CB8-5B0B-4655-A329-A87F0D8780C2}.Debug|Any CPU.Build.0 = Debug|Any CPU
		{D24B6CB8-5B0B-4655-A329-A87F0D8780C2}.Release|Any CPU.ActiveCfg = Release|Any CPU
		{D24B6CB8-5B0B-4655-A329-A87F0D8780C2}.Release|Any CPU.Build.0 = Release|Any CPU
		{8DBA6BAD-4521-478F-AFF2-A35E9AD77268}.Debug|Any CPU.ActiveCfg = Debug|Any CPU
		{8DBA6BAD-4521-478F-AFF2-A35E9AD77268}.Debug|Any CPU.Build.0 = Debug|Any CPU
		{8DBA6BAD-4521-478F-AFF2-A35E9AD77268}.Release|Any CPU.ActiveCfg = Release|Any CPU
		{8DBA6BAD-4521-478F-AFF2-A35E9AD77268}.Release|Any CPU.Build.0 = Release|Any CPU
		{39BF76B3-C0C6-48C1-9AB2-D7EA0BD647BC}.Debug|Any CPU.ActiveCfg = Debug|Any CPU
		{39BF76B3-C0C6-48C1-9AB2-D7EA0BD647BC}.Debug|Any CPU.Build.0 = Debug|Any CPU
		{39BF76B3-C0C6-48C1-9AB2-D7EA0BD647BC}.Release|Any CPU.ActiveCfg = Release|Any CPU
		{39BF76B3-C0C6-48C1-9AB2-D7EA0BD647BC}.Release|Any CPU.Build.0 = Release|Any CPU
		{9E98B845-7022-4E9E-9388-69F8CC4CBB0F}.Debug|Any CPU.ActiveCfg = Debug|Any CPU
		{9E98B845-7022-4E9E-9388-69F8CC4CBB0F}.Debug|Any CPU.Build.0 = Debug|Any CPU
		{9E98B845-7022-4E9E-9388-69F8CC4CBB0F}.Release|Any CPU.ActiveCfg = Release|Any CPU
		{9E98B845-7022-4E9E-9388-69F8CC4CBB0F}.Release|Any CPU.Build.0 = Release|Any CPU
	EndGlobalSection
	GlobalSection(SolutionProperties) = preSolution
		HideSolutionNode = FALSE
	EndGlobalSection
	GlobalSection(ExtensibilityGlobals) = postSolution
		SolutionGuid = {2C3EC76A-D7A9-40CC-9D8D-66E25C521179}
	EndGlobalSection
EndGlobal
